<?xml version="1.0" encoding="utf-8"?>
<Project ToolsVersion="4.0" xmlns="http://schemas.microsoft.com/developer/msbuild/2003">
  <ItemGroup>
    <Filter Include="Resources">
      <UniqueIdentifier>{1AA7B8B5-6644-401E-A97A-B95141772CDD}</UniqueIdentifier>
    </Filter>
    <Filter Include="Plugin Kernel">
      <UniqueIdentifier>{E2922F33-B712-40FB-8D0B-907FA235D824}</UniqueIdentifier>
    </Filter>
    <Filter Include="vstgui4">
      <UniqueIdentifier>{C15D47E8-88F4-48A2-9DFB-35B86DD403D1}</UniqueIdentifier>
    </Filter>
    <Filter Include="CustomControls">
      <UniqueIdentifier>{14A2F424-95C6-4901-B47C-CB5920A805CE}</UniqueIdentifier>
    </Filter>
    <Filter Include="RAFX2 Source">
      <UniqueIdentifier>{E8DDBBBF-29F8-4AFB-B2DC-98D032EC41EB}</UniqueIdentifier>
    </Filter>
    <Filter Include="Plugin Kernel\Plugin GUI">
      <UniqueIdentifier>{5D8AFC0D-C47B-4071-B6F3-94040208224E}</UniqueIdentifier>
    </Filter>
    <Filter Include="Plugin Kernel\Plugin Core">
      <UniqueIdentifier>{D1CDACA4-1B9A-48FB-959B-1DB3479DFF1B}</UniqueIdentifier>
    </Filter>
    <Filter Include="PluginObjects">
      <UniqueIdentifier>{0D7D39E7-FF41-4F93-B3E1-7462D4C2BAFB}</UniqueIdentifier>
    </Filter>
  </ItemGroup>
  <ItemGroup>
    <ClCompile Include="..\RAFX2 Source\RackAFXDLL.cpp">
      <Filter>RAFX2 Source</Filter>
    </ClCompile>
    <ClCompile Include="..\RAFX2 Source\Rafx2Plugin.cpp">
      <Filter>RAFX2 Source</Filter>
    </ClCompile>
    <ClCompile Include="..\..\vstgui4\vstgui\vstgui_uidescription_win32.cpp">
      <Filter>vstgui4</Filter>
    </ClCompile>
    <ClCompile Include="..\..\vstgui4\vstgui\vstgui_win32.cpp">
      <Filter>vstgui4</Filter>
    </ClCompile>
    <ClCompile Include="..\CustomControls\customviews.cpp">
      <Filter>CustomControls</Filter>
    </ClCompile>
    <ClCompile Include="..\RAFX2 Source\Rafx2PluginBase.cpp">
      <Filter>RAFX2 Source</Filter>
    </ClCompile>
    <ClCompile Include="..\CustomControls\customcontrols.cpp">
      <Filter>CustomControls</Filter>
    </ClCompile>
    <ClCompile Include="..\PluginKernel\plugincore.cpp">
      <Filter>Plugin Kernel\Plugin Core</Filter>
    </ClCompile>
    <ClCompile Include="..\PluginKernel\pluginbase.cpp">
      <Filter>Plugin Kernel\Plugin Core</Filter>
    </ClCompile>
    <ClCompile Include="..\PluginKernel\plugingui.cpp">
      <Filter>Plugin Kernel\Plugin GUI</Filter>
    </ClCompile>
    <ClCompile Include="..\PluginKernel\pluginparameter.cpp">
      <Filter>Plugin Kernel\Plugin Core</Filter>
    </ClCompile>
    <ClCompile Include="..\PluginObjects\fxobjects.cpp">
      <Filter>PluginObjects</Filter>
    </ClCompile>
  </ItemGroup>
  <ItemGroup>
    <ClInclude Include="..\RAFX2 Source\RackAFXDLL.h">
      <Filter>RAFX2 Source</Filter>
    </ClInclude>
    <ClInclude Include="..\RAFX2 Source\Rafx2Plugin.h">
      <Filter>RAFX2 Source</Filter>
    </ClInclude>
    <ClInclude Include="..\CustomControls\customviews.h">
      <Filter>CustomControls</Filter>
    </ClInclude>
    <ClInclude Include="..\Resources\resource.h">
      <Filter>Resources</Filter>
    </ClInclude>
    <ClInclude Include="..\RAFX2 Source\Rafx2PluginBase.h">
      <Filter>RAFX2 Source</Filter>
    </ClInclude>
    <ClInclude Include="..\CustomControls\customcontrols.h">
      <Filter>CustomControls</Filter>
    </ClInclude>
    <ClInclude Include="..\PluginKernel\pluginbase.h">
      <Filter>Plugin Kernel\Plugin Core</Filter>
    </ClInclude>
    <ClInclude Include="..\PluginKernel\plugincore.h">
      <Filter>Plugin Kernel\Plugin Core</Filter>
    </ClInclude>
    <ClInclude Include="..\PluginKernel\guiconstants.h">
      <Filter>Plugin Kernel\Plugin GUI</Filter>
    </ClInclude>
    <ClInclude Include="..\PluginKernel\plugindescription.h">
      <Filter>Plugin Kernel\Plugin Core</Filter>
    </ClInclude>
    <ClInclude Include="..\PluginKernel\plugingui.h">
      <Filter>Plugin Kernel\Plugin GUI</Filter>
    </ClInclude>
    <ClInclude Include="..\PluginKernel\pluginstructures.h">
      <Filter>Plugin Kernel\Plugin Core</Filter>
    </ClInclude>
    <ClInclude Include="..\PluginKernel\pluginparameter.h">
      <Filter>Plugin Kernel\Plugin Core</Filter>
    </ClInclude>
    <ClInclude Include="..\PluginObjects\fxobjects.h">
      <Filter>PluginObjects</Filter>
    </ClInclude>
    <ClInclude Include="..\PluginObjects\filters.h">
      <Filter>PluginObjects</Filter>
    </ClInclude>
    <ClInclude Include="..\CustomControls\atomicops.h">
      <Filter>CustomControls</Filter>
    </ClInclude>
    <ClInclude Include="..\CustomControls\readerwriterqueue.h">
      <Filter>CustomControls</Filter>
    </ClInclude>
  </ItemGroup>
  <ItemGroup> 
    <None Include="..\Resources\PluginGUI.uidesc">
      <Filter>Resources</Filter>
    </None>
  </ItemGroup>
  <ItemGroup>
    <ResourceCompile Include="PluginGUIMain.rc">
      <Filter>Resources</Filter>
    </ResourceCompile>
  </ItemGroup>
</Project>

